// !$*UTF8*$!
{
	archiveVersion = 1;
	classes = {
	};
	objectVersion = 46;
	objects = {

/* Begin PBXBuildFile section */
		1567B1C71DD6251000CEB507 /* AppDelegate.swift in Sources */ = {isa = PBXBuildFile; fileRef = 1567B1C61DD6251000CEB507 /* AppDelegate.swift */; };
		1567B1C91DD6251000CEB507 /* ViewController.swift in Sources */ = {isa = PBXBuildFile; fileRef = 1567B1C81DD6251000CEB507 /* ViewController.swift */; };
		1567B1CC1DD6251000CEB507 /* Main.storyboard in Resources */ = {isa = PBXBuildFile; fileRef = 1567B1CA1DD6251000CEB507 /* Main.storyboard */; };
		1567B1CE1DD6251000CEB507 /* Assets.xcassets in Resources */ = {isa = PBXBuildFile; fileRef = 1567B1CD1DD6251000CEB507 /* Assets.xcassets */; };
		1567B1D11DD6251000CEB507 /* LaunchScreen.storyboard in Resources */ = {isa = PBXBuildFile; fileRef = 1567B1CF1DD6251000CEB507 /* LaunchScreen.storyboard */; };
		1567B1DC1DD6251000CEB507 /* LHLabelTests.swift in Sources */ = {isa = PBXBuildFile; fileRef = 1567B1DB1DD6251000CEB507 /* LHLabelTests.swift */; };
		1567B1E71DD6251000CEB507 /* LHLabelUITests.swift in Sources */ = {isa = PBXBuildFile; fileRef = 1567B1E61DD6251000CEB507 /* LHLabelUITests.swift */; };
		1567B1F51DD6253600CEB507 /* LHLabel.swift in Sources */ = {isa = PBXBuildFile; fileRef = 1567B1F41DD6253600CEB507 /* LHLabel.swift */; };
		15ACA7551DD6B1A20054E6C7 /* NSMutableAttributedString+LHText.swift in Sources */ = {isa = PBXBuildFile; fileRef = 15ACA7541DD6B1A20054E6C7 /* NSMutableAttributedString+LHText.swift */; };
		15ACA7571DD6B1C20054E6C7 /* LHTextLayout.swift in Sources */ = {isa = PBXBuildFile; fileRef = 15ACA7561DD6B1C20054E6C7 /* LHTextLayout.swift */; };
		4D0F455F1E77D0E400E9FF03 /* String+Extension.swift in Sources */ = {isa = PBXBuildFile; fileRef = 4D0F455E1E77D0E400E9FF03 /* String+Extension.swift */; };
		4D2C990B1E13712A003F299F /* lantian.jpg in Resources */ = {isa = PBXBuildFile; fileRef = 4D2C990A1E13712A003F299F /* lantian.jpg */; };
		4D3CE12A1E0166890091F6F6 /* MMLabel.swift in Sources */ = {isa = PBXBuildFile; fileRef = 4D3CE1291E0166890091F6F6 /* MMLabel.swift */; };
		4D93C2041DE57B2C00AC89CF /* buffer.png in Resources */ = {isa = PBXBuildFile; fileRef = 4D93C2031DE57B2C00AC89CF /* buffer.png */; };
		4DDD16EF1DDC2F0D0084AA3F /* skt1.jpg in Resources */ = {isa = PBXBuildFile; fileRef = 4DDD16EE1DDC2F0D0084AA3F /* skt1.jpg */; };
		4DE645D41E13493B00DE5792 /* LHTextAttibute.swift in Sources */ = {isa = PBXBuildFile; fileRef = 4DE645D31E13493B00DE5792 /* LHTextAttibute.swift */; };
		4DE645D81E13656C00DE5792 /* UIFont+LH.m in Sources */ = {isa = PBXBuildFile; fileRef = 4DE645D71E13656C00DE5792 /* UIFont+LH.m */; };
		4DF062471E6FE6D900AD5430 /* CCGL.c in Sources */ = {isa = PBXBuildFile; fileRef = 4DF062451E6FE6D900AD5430 /* CCGL.c */; };
		4DF7BCCE1DEE626F00EFD9C0 /* RegexParser.swift in Sources */ = {isa = PBXBuildFile; fileRef = 4DF7BCCD1DEE626F00EFD9C0 /* RegexParser.swift */; };
		4DF889DB1E0A836200784CE1 /* LHTextLine.swift in Sources */ = {isa = PBXBuildFile; fileRef = 4DF889DA1E0A836200784CE1 /* LHTextLine.swift */; };
		4DFCB1141E78CE2F0069994D /* NSObject+Extension.swift in Sources */ = {isa = PBXBuildFile; fileRef = 4DFCB1131E78CE2F0069994D /* NSObject+Extension.swift */; };
		4DFCB1161E78CF4E0069994D /* UIResponder+Extension.swift in Sources */ = {isa = PBXBuildFile; fileRef = 4DFCB1151E78CF4E0069994D /* UIResponder+Extension.swift */; };
		4DFCB1181E78D6270069994D /* DownloadManager.swift in Sources */ = {isa = PBXBuildFile; fileRef = 4DFCB1171E78D6270069994D /* DownloadManager.swift */; };
		4DFCB11E1E78DDCB0069994D /* Alamofire.framework in Frameworks */ = {isa = PBXBuildFile; fileRef = 4DFCB1191E78D8610069994D /* Alamofire.framework */; };
		4DFCB11F1E78DDCE0069994D /* SnapKit.framework in Frameworks */ = {isa = PBXBuildFile; fileRef = 4DFCB11B1E78D8660069994D /* SnapKit.framework */; };
		4DFCB1211E7906560069994D /* BasicNavigationController.swift in Sources */ = {isa = PBXBuildFile; fileRef = 4DFCB1201E7906560069994D /* BasicNavigationController.swift */; };
		4DFCB1231E79068A0069994D /* LHTransitionAnimation.swift in Sources */ = {isa = PBXBuildFile; fileRef = 4DFCB1221E79068A0069994D /* LHTransitionAnimation.swift */; };
		67544F98A1D6EB5CDBA335DF /* Pods_LHLabel.framework in Frameworks */ = {isa = PBXBuildFile; fileRef = 351AA81378414B849D0C7621 /* Pods_LHLabel.framework */; };
/* End PBXBuildFile section */

/* Begin PBXContainerItemProxy section */
		1567B1D81DD6251000CEB507 /* PBXContainerItemProxy */ = {
			isa = PBXContainerItemProxy;
			containerPortal = 1567B1BB1DD6251000CEB507 /* Project object */;
			proxyType = 1;
			remoteGlobalIDString = 1567B1C21DD6251000CEB507;
			remoteInfo = LHLabel;
		};
		1567B1E31DD6251000CEB507 /* PBXContainerItemProxy */ = {
			isa = PBXContainerItemProxy;
			containerPortal = 1567B1BB1DD6251000CEB507 /* Project object */;
			proxyType = 1;
			remoteGlobalIDString = 1567B1C21DD6251000CEB507;
			remoteInfo = LHLabel;
		};
/* End PBXContainerItemProxy section */

/* Begin PBXFileReference section */
		0E22FE2E6FA0809343C10445 /* Pods-LHLabel.debug.xcconfig */ = {isa = PBXFileReference; includeInIndex = 1; lastKnownFileType = text.xcconfig; name = "Pods-LHLabel.debug.xcconfig"; path = "Pods/Target Support Files/Pods-LHLabel/Pods-LHLabel.debug.xcconfig"; sourceTree = "<group>"; };
		1567B1C31DD6251000CEB507 /* LHLabel.app */ = {isa = PBXFileReference; explicitFileType = wrapper.application; includeInIndex = 0; path = LHLabel.app; sourceTree = BUILT_PRODUCTS_DIR; };
		1567B1C61DD6251000CEB507 /* AppDelegate.swift */ = {isa = PBXFileReference; lastKnownFileType = sourcecode.swift; path = AppDelegate.swift; sourceTree = "<group>"; };
		1567B1C81DD6251000CEB507 /* ViewController.swift */ = {isa = PBXFileReference; lastKnownFileType = sourcecode.swift; path = ViewController.swift; sourceTree = "<group>"; };
		1567B1CB1DD6251000CEB507 /* Base */ = {isa = PBXFileReference; lastKnownFileType = file.storyboard; name = Base; path = Base.lproj/Main.storyboard; sourceTree = "<group>"; };
		1567B1CD1DD6251000CEB507 /* Assets.xcassets */ = {isa = PBXFileReference; lastKnownFileType = folder.assetcatalog; path = Assets.xcassets; sourceTree = "<group>"; };
		1567B1D01DD6251000CEB507 /* Base */ = {isa = PBXFileReference; lastKnownFileType = file.storyboard; name = Base; path = Base.lproj/LaunchScreen.storyboard; sourceTree = "<group>"; };
		1567B1D21DD6251000CEB507 /* Info.plist */ = {isa = PBXFileReference; lastKnownFileType = text.plist.xml; path = Info.plist; sourceTree = "<group>"; };
		1567B1D71DD6251000CEB507 /* LHLabelTests.xctest */ = {isa = PBXFileReference; explicitFileType = wrapper.cfbundle; includeInIndex = 0; path = LHLabelTests.xctest; sourceTree = BUILT_PRODUCTS_DIR; };
		1567B1DB1DD6251000CEB507 /* LHLabelTests.swift */ = {isa = PBXFileReference; lastKnownFileType = sourcecode.swift; path = LHLabelTests.swift; sourceTree = "<group>"; };
		1567B1DD1DD6251000CEB507 /* Info.plist */ = {isa = PBXFileReference; lastKnownFileType = text.plist.xml; path = Info.plist; sourceTree = "<group>"; };
		1567B1E21DD6251000CEB507 /* LHLabelUITests.xctest */ = {isa = PBXFileReference; explicitFileType = wrapper.cfbundle; includeInIndex = 0; path = LHLabelUITests.xctest; sourceTree = BUILT_PRODUCTS_DIR; };
		1567B1E61DD6251000CEB507 /* LHLabelUITests.swift */ = {isa = PBXFileReference; lastKnownFileType = sourcecode.swift; path = LHLabelUITests.swift; sourceTree = "<group>"; };
		1567B1E81DD6251000CEB507 /* Info.plist */ = {isa = PBXFileReference; lastKnownFileType = text.plist.xml; path = Info.plist; sourceTree = "<group>"; };
		1567B1F41DD6253600CEB507 /* LHLabel.swift */ = {isa = PBXFileReference; fileEncoding = 4; lastKnownFileType = sourcecode.swift; path = LHLabel.swift; sourceTree = "<group>"; };
		15ACA7541DD6B1A20054E6C7 /* NSMutableAttributedString+LHText.swift */ = {isa = PBXFileReference; fileEncoding = 4; lastKnownFileType = sourcecode.swift; path = "NSMutableAttributedString+LHText.swift"; sourceTree = "<group>"; };
		15ACA7561DD6B1C20054E6C7 /* LHTextLayout.swift */ = {isa = PBXFileReference; fileEncoding = 4; lastKnownFileType = sourcecode.swift; path = LHTextLayout.swift; sourceTree = "<group>"; };
		351AA81378414B849D0C7621 /* Pods_LHLabel.framework */ = {isa = PBXFileReference; explicitFileType = wrapper.framework; includeInIndex = 0; path = Pods_LHLabel.framework; sourceTree = BUILT_PRODUCTS_DIR; };
		4D0F455E1E77D0E400E9FF03 /* String+Extension.swift */ = {isa = PBXFileReference; fileEncoding = 4; lastKnownFileType = sourcecode.swift; path = "String+Extension.swift"; sourceTree = "<group>"; };
		4D2C990A1E13712A003F299F /* lantian.jpg */ = {isa = PBXFileReference; lastKnownFileType = image.jpeg; path = lantian.jpg; sourceTree = "<group>"; };
		4D3CE1291E0166890091F6F6 /* MMLabel.swift */ = {isa = PBXFileReference; fileEncoding = 4; lastKnownFileType = sourcecode.swift; path = MMLabel.swift; sourceTree = "<group>"; };
		4D93C2031DE57B2C00AC89CF /* buffer.png */ = {isa = PBXFileReference; lastKnownFileType = image.png; path = buffer.png; sourceTree = "<group>"; };
		4DDD16EE1DDC2F0D0084AA3F /* skt1.jpg */ = {isa = PBXFileReference; lastKnownFileType = image.jpeg; path = skt1.jpg; sourceTree = "<group>"; };
		4DE645D31E13493B00DE5792 /* LHTextAttibute.swift */ = {isa = PBXFileReference; fileEncoding = 4; lastKnownFileType = sourcecode.swift; path = LHTextAttibute.swift; sourceTree = "<group>"; };
		4DE645D51E13656B00DE5792 /* LHLabel-Bridging-Header.h */ = {isa = PBXFileReference; lastKnownFileType = sourcecode.c.h; path = "LHLabel-Bridging-Header.h"; sourceTree = "<group>"; };
		4DE645D61E13656C00DE5792 /* UIFont+LH.h */ = {isa = PBXFileReference; fileEncoding = 4; lastKnownFileType = sourcecode.c.h; path = "UIFont+LH.h"; sourceTree = "<group>"; };
		4DE645D71E13656C00DE5792 /* UIFont+LH.m */ = {isa = PBXFileReference; fileEncoding = 4; lastKnownFileType = sourcecode.c.objc; path = "UIFont+LH.m"; sourceTree = "<group>"; };
		4DF062451E6FE6D900AD5430 /* CCGL.c */ = {isa = PBXFileReference; fileEncoding = 4; lastKnownFileType = sourcecode.c.c; path = CCGL.c; sourceTree = "<group>"; };
		4DF062461E6FE6D900AD5430 /* CCGL.h */ = {isa = PBXFileReference; fileEncoding = 4; lastKnownFileType = sourcecode.c.h; path = CCGL.h; sourceTree = "<group>"; };
		4DF7BCCD1DEE626F00EFD9C0 /* RegexParser.swift */ = {isa = PBXFileReference; fileEncoding = 4; lastKnownFileType = sourcecode.swift; path = RegexParser.swift; sourceTree = "<group>"; };
		4DF889DA1E0A836200784CE1 /* LHTextLine.swift */ = {isa = PBXFileReference; fileEncoding = 4; lastKnownFileType = sourcecode.swift; path = LHTextLine.swift; sourceTree = "<group>"; };
		4DFCB1131E78CE2F0069994D /* NSObject+Extension.swift */ = {isa = PBXFileReference; fileEncoding = 4; lastKnownFileType = sourcecode.swift; path = "NSObject+Extension.swift"; sourceTree = "<group>"; };
		4DFCB1151E78CF4E0069994D /* UIResponder+Extension.swift */ = {isa = PBXFileReference; fileEncoding = 4; lastKnownFileType = sourcecode.swift; path = "UIResponder+Extension.swift"; sourceTree = "<group>"; };
		4DFCB1171E78D6270069994D /* DownloadManager.swift */ = {isa = PBXFileReference; fileEncoding = 4; lastKnownFileType = sourcecode.swift; path = DownloadManager.swift; sourceTree = "<group>"; };
		4DFCB1191E78D8610069994D /* Alamofire.framework */ = {isa = PBXFileReference; lastKnownFileType = wrapper.framework; name = Alamofire.framework; path = "../../Library/Developer/Xcode/DerivedData/LHLabel-detlotpelmufubdrrkdfagijvlve/Build/Products/Debug-iphonesimulator/Alamofire/Alamofire.framework"; sourceTree = "<group>"; };
		4DFCB11B1E78D8660069994D /* SnapKit.framework */ = {isa = PBXFileReference; lastKnownFileType = wrapper.framework; name = SnapKit.framework; path = "../../Library/Developer/Xcode/DerivedData/LHLabel-detlotpelmufubdrrkdfagijvlve/Build/Products/Debug-iphonesimulator/SnapKit/SnapKit.framework"; sourceTree = "<group>"; };
		4DFCB1201E7906560069994D /* BasicNavigationController.swift */ = {isa = PBXFileReference; fileEncoding = 4; lastKnownFileType = sourcecode.swift; path = BasicNavigationController.swift; sourceTree = "<group>"; };
		4DFCB1221E79068A0069994D /* LHTransitionAnimation.swift */ = {isa = PBXFileReference; fileEncoding = 4; lastKnownFileType = sourcecode.swift; path = LHTransitionAnimation.swift; sourceTree = "<group>"; };
		51B0E8FA5E8F900EB2FA2AD9 /* Pods-LHLabel.release.xcconfig */ = {isa = PBXFileReference; includeInIndex = 1; lastKnownFileType = text.xcconfig; name = "Pods-LHLabel.release.xcconfig"; path = "Pods/Target Support Files/Pods-LHLabel/Pods-LHLabel.release.xcconfig"; sourceTree = "<group>"; };
/* End PBXFileReference section */

/* Begin PBXFrameworksBuildPhase section */
		1567B1C01DD6251000CEB507 /* Frameworks */ = {
			isa = PBXFrameworksBuildPhase;
			buildActionMask = 2147483647;
			files = (
				4DFCB11F1E78DDCE0069994D /* SnapKit.framework in Frameworks */,
				4DFCB11E1E78DDCB0069994D /* Alamofire.framework in Frameworks */,
				67544F98A1D6EB5CDBA335DF /* Pods_LHLabel.framework in Frameworks */,
			);
			runOnlyForDeploymentPostprocessing = 0;
		};
		1567B1D41DD6251000CEB507 /* Frameworks */ = {
			isa = PBXFrameworksBuildPhase;
			buildActionMask = 2147483647;
			files = (
			);
			runOnlyForDeploymentPostprocessing = 0;
		};
		1567B1DF1DD6251000CEB507 /* Frameworks */ = {
			isa = PBXFrameworksBuildPhase;
			buildActionMask = 2147483647;
			files = (
			);
			runOnlyForDeploymentPostprocessing = 0;
		};
/* End PBXFrameworksBuildPhase section */

/* Begin PBXGroup section */
		1567B1BA1DD6251000CEB507 = {
			isa = PBXGroup;
			children = (
				1567B1C51DD6251000CEB507 /* LHLabel */,
				1567B1DA1DD6251000CEB507 /* LHLabelTests */,
				1567B1E51DD6251000CEB507 /* LHLabelUITests */,
				1567B1C41DD6251000CEB507 /* Products */,
				B827098845836D734E423AB7 /* Pods */,
				AAA1F71186DFF63CA85D9C9D /* Frameworks */,
			);
			sourceTree = "<group>";
		};
		1567B1C41DD6251000CEB507 /* Products */ = {
			isa = PBXGroup;
			children = (
				1567B1C31DD6251000CEB507 /* LHLabel.app */,
				1567B1D71DD6251000CEB507 /* LHLabelTests.xctest */,
				1567B1E21DD6251000CEB507 /* LHLabelUITests.xctest */,
			);
			name = Products;
			sourceTree = "<group>";
		};
		1567B1C51DD6251000CEB507 /* LHLabel */ = {
			isa = PBXGroup;
			children = (
				1567B1C61DD6251000CEB507 /* AppDelegate.swift */,
				1567B1C81DD6251000CEB507 /* ViewController.swift */,
				4D0F455C1E77D07800E9FF03 /* UIkit */,
				4D0F455D1E77D08600E9FF03 /* Foundation */,
				1567B1F41DD6253600CEB507 /* LHLabel.swift */,
				4D3CE1291E0166890091F6F6 /* MMLabel.swift */,
				4DFCB1171E78D6270069994D /* DownloadManager.swift */,
				4DF7BCCD1DEE626F00EFD9C0 /* RegexParser.swift */,
				4DF062451E6FE6D900AD5430 /* CCGL.c */,
				4DF062461E6FE6D900AD5430 /* CCGL.h */,
				4DDD16EE1DDC2F0D0084AA3F /* skt1.jpg */,
				4D93C2031DE57B2C00AC89CF /* buffer.png */,
				4D2C990A1E13712A003F299F /* lantian.jpg */,
				15ACA7541DD6B1A20054E6C7 /* NSMutableAttributedString+LHText.swift */,
				15ACA7561DD6B1C20054E6C7 /* LHTextLayout.swift */,
				4DE645D31E13493B00DE5792 /* LHTextAttibute.swift */,
				4DF889DA1E0A836200784CE1 /* LHTextLine.swift */,
				4DE645D61E13656C00DE5792 /* UIFont+LH.h */,
				4DE645D71E13656C00DE5792 /* UIFont+LH.m */,
				1567B1CA1DD6251000CEB507 /* Main.storyboard */,
				1567B1CD1DD6251000CEB507 /* Assets.xcassets */,
				1567B1CF1DD6251000CEB507 /* LaunchScreen.storyboard */,
				1567B1D21DD6251000CEB507 /* Info.plist */,
				4DE645D51E13656B00DE5792 /* LHLabel-Bridging-Header.h */,
			);
			path = LHLabel;
			sourceTree = "<group>";
		};
		1567B1DA1DD6251000CEB507 /* LHLabelTests */ = {
			isa = PBXGroup;
			children = (
				1567B1DB1DD6251000CEB507 /* LHLabelTests.swift */,
				1567B1DD1DD6251000CEB507 /* Info.plist */,
			);
			path = LHLabelTests;
			sourceTree = "<group>";
		};
		1567B1E51DD6251000CEB507 /* LHLabelUITests */ = {
			isa = PBXGroup;
			children = (
				1567B1E61DD6251000CEB507 /* LHLabelUITests.swift */,
				1567B1E81DD6251000CEB507 /* Info.plist */,
			);
			path = LHLabelUITests;
			sourceTree = "<group>";
		};
		4D0F455C1E77D07800E9FF03 /* UIkit */ = {
			isa = PBXGroup;
			children = (
				4DFCB1131E78CE2F0069994D /* NSObject+Extension.swift */,
				4DFCB1151E78CF4E0069994D /* UIResponder+Extension.swift */,
				4DFCB1201E7906560069994D /* BasicNavigationController.swift */,
				4DFCB1221E79068A0069994D /* LHTransitionAnimation.swift */,
			);
			name = UIkit;
			sourceTree = "<group>";
		};
		4D0F455D1E77D08600E9FF03 /* Foundation */ = {
			isa = PBXGroup;
			children = (
				4D0F455E1E77D0E400E9FF03 /* String+Extension.swift */,
			);
			name = Foundation;
			sourceTree = "<group>";
		};
		AAA1F71186DFF63CA85D9C9D /* Frameworks */ = {
			isa = PBXGroup;
			children = (
				4DFCB11B1E78D8660069994D /* SnapKit.framework */,
				4DFCB1191E78D8610069994D /* Alamofire.framework */,
				351AA81378414B849D0C7621 /* Pods_LHLabel.framework */,
			);
			name = Frameworks;
			sourceTree = "<group>";
		};
		B827098845836D734E423AB7 /* Pods */ = {
			isa = PBXGroup;
			children = (
				0E22FE2E6FA0809343C10445 /* Pods-LHLabel.debug.xcconfig */,
				51B0E8FA5E8F900EB2FA2AD9 /* Pods-LHLabel.release.xcconfig */,
			);
			name = Pods;
			sourceTree = "<group>";
		};
/* End PBXGroup section */

/* Begin PBXNativeTarget section */
		1567B1C21DD6251000CEB507 /* LHLabel */ = {
			isa = PBXNativeTarget;
			buildConfigurationList = 1567B1EB1DD6251000CEB507 /* Build configuration list for PBXNativeTarget "LHLabel" */;
			buildPhases = (
				391DC45D00F191CB339ABF12 /* [CP] Check Pods Manifest.lock */,
				1567B1BF1DD6251000CEB507 /* Sources */,
				1567B1C01DD6251000CEB507 /* Frameworks */,
				1567B1C11DD6251000CEB507 /* Resources */,
				761C715B729A15E6D318547F /* [CP] Embed Pods Frameworks */,
				73A494C7291908DF2D4E06D0 /* [CP] Copy Pods Resources */,
			);
			buildRules = (
			);
			dependencies = (
			);
			name = LHLabel;
			productName = LHLabel;
			productReference = 1567B1C31DD6251000CEB507 /* LHLabel.app */;
			productType = "com.apple.product-type.application";
		};
		1567B1D61DD6251000CEB507 /* LHLabelTests */ = {
			isa = PBXNativeTarget;
			buildConfigurationList = 1567B1EE1DD6251000CEB507 /* Build configuration list for PBXNativeTarget "LHLabelTests" */;
			buildPhases = (
				1567B1D31DD6251000CEB507 /* Sources */,
				1567B1D41DD6251000CEB507 /* Frameworks */,
				1567B1D51DD6251000CEB507 /* Resources */,
			);
			buildRules = (
			);
			dependencies = (
				1567B1D91DD6251000CEB507 /* PBXTargetDependency */,
			);
			name = LHLabelTests;
			productName = LHLabelTests;
			productReference = 1567B1D71DD6251000CEB507 /* LHLabelTests.xctest */;
			productType = "com.apple.product-type.bundle.unit-test";
		};
		1567B1E11DD6251000CEB507 /* LHLabelUITests */ = {
			isa = PBXNativeTarget;
			buildConfigurationList = 1567B1F11DD6251000CEB507 /* Build configuration list for PBXNativeTarget "LHLabelUITests" */;
			buildPhases = (
				1567B1DE1DD6251000CEB507 /* Sources */,
				1567B1DF1DD6251000CEB507 /* Frameworks */,
				1567B1E01DD6251000CEB507 /* Resources */,
			);
			buildRules = (
			);
			dependencies = (
				1567B1E41DD6251000CEB507 /* PBXTargetDependency */,
			);
			name = LHLabelUITests;
			productName = LHLabelUITests;
			productReference = 1567B1E21DD6251000CEB507 /* LHLabelUITests.xctest */;
			productType = "com.apple.product-type.bundle.ui-testing";
		};
/* End PBXNativeTarget section */

/* Begin PBXProject section */
		1567B1BB1DD6251000CEB507 /* Project object */ = {
			isa = PBXProject;
			attributes = {
				LastSwiftUpdateCheck = 0800;
				LastUpgradeCheck = 0800;
				ORGANIZATIONNAME = luhai;
				TargetAttributes = {
					1567B1C21DD6251000CEB507 = {
						CreatedOnToolsVersion = 8.0;
						DevelopmentTeam = MFH5RT668M;
						LastSwiftMigration = 0820;
						ProvisioningStyle = Automatic;
					};
					1567B1D61DD6251000CEB507 = {
						CreatedOnToolsVersion = 8.0;
						ProvisioningStyle = Automatic;
						TestTargetID = 1567B1C21DD6251000CEB507;
					};
					1567B1E11DD6251000CEB507 = {
						CreatedOnToolsVersion = 8.0;
						ProvisioningStyle = Automatic;
						TestTargetID = 1567B1C21DD6251000CEB507;
					};
				};
			};
			buildConfigurationList = 1567B1BE1DD6251000CEB507 /* Build configuration list for PBXProject "LHLabel" */;
			compatibilityVersion = "Xcode 3.2";
			developmentRegion = English;
			hasScannedForEncodings = 0;
			knownRegions = (
				en,
				Base,
			);
			mainGroup = 1567B1BA1DD6251000CEB507;
			productRefGroup = 1567B1C41DD6251000CEB507 /* Products */;
			projectDirPath = "";
			projectRoot = "";
			targets = (
				1567B1C21DD6251000CEB507 /* LHLabel */,
				1567B1D61DD6251000CEB507 /* LHLabelTests */,
				1567B1E11DD6251000CEB507 /* LHLabelUITests */,
			);
		};
/* End PBXProject section */

/* Begin PBXResourcesBuildPhase section */
		1567B1C11DD6251000CEB507 /* Resources */ = {
			isa = PBXResourcesBuildPhase;
			buildActionMask = 2147483647;
			files = (
				1567B1D11DD6251000CEB507 /* LaunchScreen.storyboard in Resources */,
				4D2C990B1E13712A003F299F /* lantian.jpg in Resources */,
				4DDD16EF1DDC2F0D0084AA3F /* skt1.jpg in Resources */,
				4D93C2041DE57B2C00AC89CF /* buffer.png in Resources */,
				1567B1CE1DD6251000CEB507 /* Assets.xcassets in Resources */,
				1567B1CC1DD6251000CEB507 /* Main.storyboard in Resources */,
			);
			runOnlyForDeploymentPostprocessing = 0;
		};
		1567B1D51DD6251000CEB507 /* Resources */ = {
			isa = PBXResourcesBuildPhase;
			buildActionMask = 2147483647;
			files = (
			);
			runOnlyForDeploymentPostprocessing = 0;
		};
		1567B1E01DD6251000CEB507 /* Resources */ = {
			isa = PBXResourcesBuildPhase;
			buildActionMask = 2147483647;
			files = (
			);
			runOnlyForDeploymentPostprocessing = 0;
		};
/* End PBXResourcesBuildPhase section */

/* Begin PBXShellScriptBuildPhase section */
		391DC45D00F191CB339ABF12 /* [CP] Check Pods Manifest.lock */ = {
			isa = PBXShellScriptBuildPhase;
			buildActionMask = 2147483647;
			files = (
			);
			inputPaths = (
			);
			name = "[CP] Check Pods Manifest.lock";
			outputPaths = (
			);
			runOnlyForDeploymentPostprocessing = 0;
			shellPath = /bin/sh;
			shellScript = "diff \"${PODS_ROOT}/../Podfile.lock\" \"${PODS_ROOT}/Manifest.lock\" > /dev/null\nif [ $? != 0 ] ; then\n    # print error to STDERR\n    echo \"error: The sandbox is not in sync with the Podfile.lock. Run 'pod install' or update your CocoaPods installation.\" >&2\n    exit 1\nfi\n";
			showEnvVarsInLog = 0;
		};
		73A494C7291908DF2D4E06D0 /* [CP] Copy Pods Resources */ = {
			isa = PBXShellScriptBuildPhase;
			buildActionMask = 2147483647;
			files = (
			);
			inputPaths = (
			);
			name = "[CP] Copy Pods Resources";
			outputPaths = (
			);
			runOnlyForDeploymentPostprocessing = 0;
			shellPath = /bin/sh;
			shellScript = "\"${SRCROOT}/Pods/Target Support Files/Pods-LHLabel/Pods-LHLabel-resources.sh\"\n";
			showEnvVarsInLog = 0;
		};
		761C715B729A15E6D318547F /* [CP] Embed Pods Frameworks */ = {
			isa = PBXShellScriptBuildPhase;
			buildActionMask = 2147483647;
			files = (
			);
			inputPaths = (
			);
			name = "[CP] Embed Pods Frameworks";
			outputPaths = (
			);
			runOnlyForDeploymentPostprocessing = 0;
			shellPath = /bin/sh;
			shellScript = "\"${SRCROOT}/Pods/Target Support Files/Pods-LHLabel/Pods-LHLabel-frameworks.sh\"\n";
			showEnvVarsInLog = 0;
		};
/* End PBXShellScriptBuildPhase section */

/* Begin PBXSourcesBuildPhase section */
		1567B1BF1DD6251000CEB507 /* Sources */ = {
			isa = PBXSourcesBuildPhase;
			buildActionMask = 2147483647;
			files = (
				4DFCB1211E7906560069994D /* BasicNavigationController.swift in Sources */,
				4DE645D81E13656C00DE5792 /* UIFont+LH.m in Sources */,
				4DFCB1181E78D6270069994D /* DownloadManager.swift in Sources */,
				1567B1C91DD6251000CEB507 /* ViewController.swift in Sources */,
				1567B1F51DD6253600CEB507 /* LHLabel.swift in Sources */,
				4D3CE12A1E0166890091F6F6 /* MMLabel.swift in Sources */,
				4DF7BCCE1DEE626F00EFD9C0 /* RegexParser.swift in Sources */,
				4DE645D41E13493B00DE5792 /* LHTextAttibute.swift in Sources */,
				4DFCB1161E78CF4E0069994D /* UIResponder+Extension.swift in Sources */,
				4D0F455F1E77D0E400E9FF03 /* String+Extension.swift in Sources */,
				4DFCB1231E79068A0069994D /* LHTransitionAnimation.swift in Sources */,
				15ACA7551DD6B1A20054E6C7 /* NSMutableAttributedString+LHText.swift in Sources */,
				1567B1C71DD6251000CEB507 /* AppDelegate.swift in Sources */,
				4DF062471E6FE6D900AD5430 /* CCGL.c in Sources */,
				15ACA7571DD6B1C20054E6C7 /* LHTextLayout.swift in Sources */,
				4DF889DB1E0A836200784CE1 /* LHTextLine.swift in Sources */,
				4DFCB1141E78CE2F0069994D /* NSObject+Extension.swift in Sources */,
			);
			runOnlyForDeploymentPostprocessing = 0;
		};
		1567B1D31DD6251000CEB507 /* Sources */ = {
			isa = PBXSourcesBuildPhase;
			buildActionMask = 2147483647;
			files = (
				1567B1DC1DD6251000CEB507 /* LHLabelTests.swift in Sources */,
			);
			runOnlyForDeploymentPostprocessing = 0;
		};
		1567B1DE1DD6251000CEB507 /* Sources */ = {
			isa = PBXSourcesBuildPhase;
			buildActionMask = 2147483647;
			files = (
				1567B1E71DD6251000CEB507 /* LHLabelUITests.swift in Sources */,
			);
			runOnlyForDeploymentPostprocessing = 0;
		};
/* End PBXSourcesBuildPhase section */

/* Begin PBXTargetDependency section */
		1567B1D91DD6251000CEB507 /* PBXTargetDependency */ = {
			isa = PBXTargetDependency;
			target = 1567B1C21DD6251000CEB507 /* LHLabel */;
			targetProxy = 1567B1D81DD6251000CEB507 /* PBXContainerItemProxy */;
		};
		1567B1E41DD6251000CEB507 /* PBXTargetDependency */ = {
			isa = PBXTargetDependency;
			target = 1567B1C21DD6251000CEB507 /* LHLabel */;
			targetProxy = 1567B1E31DD6251000CEB507 /* PBXContainerItemProxy */;
		};
/* End PBXTargetDependency section */

/* Begin PBXVariantGroup section */
		1567B1CA1DD6251000CEB507 /* Main.storyboard */ = {
			isa = PBXVariantGroup;
			children = (
				1567B1CB1DD6251000CEB507 /* Base */,
			);
			name = Main.storyboard;
			sourceTree = "<group>";
		};
		1567B1CF1DD6251000CEB507 /* LaunchScreen.storyboard */ = {
			isa = PBXVariantGroup;
			children = (
				1567B1D01DD6251000CEB507 /* Base */,
			);
			name = LaunchScreen.storyboard;
			sourceTree = "<group>";
		};
/* End PBXVariantGroup section */

/* Begin XCBuildConfiguration section */
		1567B1E91DD6251000CEB507 /* Debug */ = {
			isa = XCBuildConfiguration;
			buildSettings = {
				ALWAYS_SEARCH_USER_PATHS = NO;
				CLANG_ANALYZER_NONNULL = YES;
				CLANG_CXX_LANGUAGE_STANDARD = "gnu++0x";
				CLANG_CXX_LIBRARY = "libc++";
				CLANG_ENABLE_MODULES = YES;
				CLANG_ENABLE_OBJC_ARC = YES;
				CLANG_WARN_BOOL_CONVERSION = YES;
				CLANG_WARN_CONSTANT_CONVERSION = YES;
				CLANG_WARN_DIRECT_OBJC_ISA_USAGE = YES_ERROR;
				CLANG_WARN_DOCUMENTATION_COMMENTS = YES;
				CLANG_WARN_EMPTY_BODY = YES;
				CLANG_WARN_ENUM_CONVERSION = YES;
				CLANG_WARN_INFINITE_RECURSION = YES;
				CLANG_WARN_INT_CONVERSION = YES;
				CLANG_WARN_OBJC_ROOT_CLASS = YES_ERROR;
				CLANG_WARN_SUSPICIOUS_MOVES = YES;
				CLANG_WARN_UNREACHABLE_CODE = YES;
				CLANG_WARN__DUPLICATE_METHOD_MATCH = YES;
				"CODE_SIGN_IDENTITY[sdk=iphoneos*]" = "iPhone Developer";
				COPY_PHASE_STRIP = NO;
				DEBUG_INFORMATION_FORMAT = dwarf;
				ENABLE_STRICT_OBJC_MSGSEND = YES;
				ENABLE_TESTABILITY = YES;
				GCC_C_LANGUAGE_STANDARD = gnu99;
				GCC_DYNAMIC_NO_PIC = NO;
				GCC_NO_COMMON_BLOCKS = YES;
				GCC_OPTIMIZATION_LEVEL = 0;
				GCC_PREPROCESSOR_DEFINITIONS = (
					"DEBUG=1",
					"$(inherited)",
				);
				GCC_WARN_64_TO_32_BIT_CONVERSION = YES;
				GCC_WARN_ABOUT_RETURN_TYPE = YES_ERROR;
				GCC_WARN_UNDECLARED_SELECTOR = YES;
				GCC_WARN_UNINITIALIZED_AUTOS = YES_AGGRESSIVE;
				GCC_WARN_UNUSED_FUNCTION = YES;
				GCC_WARN_UNUSED_VARIABLE = YES;
				IPHONEOS_DEPLOYMENT_TARGET = 10.0;
				MTL_ENABLE_DEBUG_INFO = YES;
				ONLY_ACTIVE_ARCH = YES;
				SDKROOT = iphoneos;
				SWIFT_ACTIVE_COMPILATION_CONDITIONS = DEBUG;
				SWIFT_OPTIMIZATION_LEVEL = "-Onone";
			};
			name = Debug;
		};
		1567B1EA1DD6251000CEB507 /* Release */ = {
			isa = XCBuildConfiguration;
			buildSettings = {
				ALWAYS_SEARCH_USER_PATHS = NO;
				CLANG_ANALYZER_NONNULL = YES;
				CLANG_CXX_LANGUAGE_STANDARD = "gnu++0x";
				CLANG_CXX_LIBRARY = "libc++";
				CLANG_ENABLE_MODULES = YES;
				CLANG_ENABLE_OBJC_ARC = YES;
				CLANG_WARN_BOOL_CONVERSION = YES;
				CLANG_WARN_CONSTANT_CONVERSION = YES;
				CLANG_WARN_DIRECT_OBJC_ISA_USAGE = YES_ERROR;
				CLANG_WARN_DOCUMENTATION_COMMENTS = YES;
				CLANG_WARN_EMPTY_BODY = YES;
				CLANG_WARN_ENUM_CONVERSION = YES;
				CLANG_WARN_INFINITE_RECURSION = YES;
				CLANG_WARN_INT_CONVERSION = YES;
				CLANG_WARN_OBJC_ROOT_CLASS = YES_ERROR;
				CLANG_WARN_SUSPICIOUS_MOVES = YES;
				CLANG_WARN_UNREACHABLE_CODE = YES;
				CLANG_WARN__DUPLICATE_METHOD_MATCH = YES;
				"CODE_SIGN_IDENTITY[sdk=iphoneos*]" = "iPhone Developer";
				COPY_PHASE_STRIP = NO;
				DEBUG_INFORMATION_FORMAT = "dwarf-with-dsym";
				ENABLE_NS_ASSERTIONS = NO;
				ENABLE_STRICT_OBJC_MSGSEND = YES;
				GCC_C_LANGUAGE_STANDARD = gnu99;
				GCC_NO_COMMON_BLOCKS = YES;
				GCC_WARN_64_TO_32_BIT_CONVERSION = YES;
				GCC_WARN_ABOUT_RETURN_TYPE = YES_ERROR;
				GCC_WARN_UNDECLARED_SELECTOR = YES;
				GCC_WARN_UNINITIALIZED_AUTOS = YES_AGGRESSIVE;
				GCC_WARN_UNUSED_FUNCTION = YES;
				GCC_WARN_UNUSED_VARIABLE = YES;
				IPHONEOS_DEPLOYMENT_TARGET = 10.0;
				MTL_ENABLE_DEBUG_INFO = NO;
				SDKROOT = iphoneos;
				SWIFT_OPTIMIZATION_LEVEL = "-Owholemodule";
				VALIDATE_PRODUCT = YES;
			};
			name = Release;
		};
		1567B1EC1DD6251000CEB507 /* Debug */ = {
			isa = XCBuildConfiguration;
			baseConfigurationReference = 0E22FE2E6FA0809343C10445 /* Pods-LHLabel.debug.xcconfig */;
			buildSettings = {
				ASSETCATALOG_COMPILER_APPICON_NAME = AppIcon;
				CLANG_ENABLE_MODULES = YES;
				DEVELOPMENT_TEAM = MFH5RT668M;
				INFOPLIST_FILE = LHLabel/Info.plist;
				LD_RUNPATH_SEARCH_PATHS = "$(inherited) @executable_path/Frameworks";
				PRODUCT_BUNDLE_IDENTIFIER = China.LHLabel;
				PRODUCT_NAME = "$(TARGET_NAME)";
				SWIFT_OBJC_BRIDGING_HEADER = "LHLabel/LHLabel-Bridging-Header.h";
				SWIFT_OPTIMIZATION_LEVEL = "-Onone";
				SWIFT_VERSION = 3.0;
			};
			name = Debug;
		};
		1567B1ED1DD6251000CEB507 /* Release */ = {
			isa = XCBuildConfiguration;
			baseConfigurationReference = 51B0E8FA5E8F900EB2FA2AD9 /* Pods-LHLabel.release.xcconfig */;
			buildSettings = {
				ASSETCATALOG_COMPILER_APPICON_NAME = AppIcon;
				CLANG_ENABLE_MODULES = YES;
				DEVELOPMENT_TEAM = MFH5RT668M;
				INFOPLIST_FILE = LHLabel/Info.plist;
				LD_RUNPATH_SEARCH_PATHS = "$(inherited) @executable_path/Frameworks";
				PRODUCT_BUNDLE_IDENTIFIER = China.LHLabel;
				PRODUCT_NAME = "$(TARGET_NAME)";
				SWIFT_OBJC_BRIDGING_HEADER = "LHLabel/LHLabel-Bridging-Header.h";
				SWIFT_VERSION = 3.0;
			};
			name = Release;
		};
		1567B1EF1DD6251000CEB507 /* Debug */ = {
			isa = XCBuildConfiguration;
			buildSettings = {
				ALWAYS_EMBED_SWIFT_STANDARD_LIBRARIES = YES;
				BUNDLE_LOADER = "$(TEST_HOST)";
				INFOPLIST_FILE = LHLabelTests/Info.plist;
				LD_RUNPATH_SEARCH_PATHS = "$(inherited) @executable_path/Frameworks @loader_path/Frameworks";
				PRODUCT_BUNDLE_IDENTIFIER = China.LHLabelTests;
				PRODUCT_NAME = "$(TARGET_NAME)";
				SWIFT_VERSION = 3.0;
				TEST_HOST = "$(BUILT_PRODUCTS_DIR)/LHLabel.app/LHLabel";
			};
			name = Debug;
		};
		1567B1F01DD6251000CEB507 /* Release */ = {
			isa = XCBuildConfiguration;
			buildSettings = {
				ALWAYS_EMBED_SWIFT_STANDARD_LIBRARIES = YES;
				BUNDLE_LOADER = "$(TEST_HOST)";
				INFOPLIST_FILE = LHLabelTests/Info.plist;
				LD_RUNPATH_SEARCH_PATHS = "$(inherited) @executable_path/Frameworks @loader_path/Frameworks";
				PRODUCT_BUNDLE_IDENTIFIER = China.LHLabelTests;
				PRODUCT_NAME = "$(TARGET_NAME)";
				SWIFT_VERSION = 3.0;
				TEST_HOST = "$(BUILT_PRODUCTS_DIR)/LHLabel.app/LHLabel";
			};
			name = Release;
		};
		1567B1F21DD6251000CEB507 /* Debug */ = {
			isa = XCBuildConfiguration;
			buildSettings = {
				ALWAYS_EMBED_SWIFT_STANDARD_LIBRARIES = YES;
				INFOPLIST_FILE = LHLabelUITests/Info.plist;
				LD_RUNPATH_SEARCH_PATHS = "$(inherited) @executable_path/Frameworks @loader_path/Frameworks";
				PRODUCT_BUNDLE_IDENTIFIER = China.LHLabelUITests;
				PRODUCT_NAME = "$(TARGET_NAME)";
				SWIFT_VERSION = 3.0;
				TEST_TARGET_NAME = LHLabel;
			};
			name = Debug;
		};
		1567B1F31DD6251000CEB507 /* Release */ = {
			isa = XCBuildConfiguration;
			buildSettings = {
				ALWAYS_EMBED_SWIFT_STANDARD_LIBRARIES = YES;
				INFOPLIST_FILE = LHLabelUITests/Info.plist;
				LD_RUNPATH_SEARCH_PATHS = "$(inherited) @executable_path/Frameworks @loader_path/Frameworks";
				PRODUCT_BUNDLE_IDENTIFIER = China.LHLabelUITests;
				PRODUCT_NAME = "$(TARGET_NAME)";
				SWIFT_VERSION = 3.0;
				TEST_TARGET_NAME = LHLabel;
			};
			name = Release;
		};
/* End XCBuildConfiguration section */

/* Begin XCConfigurationList section */
		1567B1BE1DD6251000CEB507 /* Build configuration list for PBXProject "LHLabel" */ = {
			isa = XCConfigurationList;
			buildConfigurations = (
				1567B1E91DD6251000CEB507 /* Debug */,
				1567B1EA1DD6251000CEB507 /* Release */,
			);
			defaultConfigurationIsVisible = 0;
			defaultConfigurationName = Release;
		};
		1567B1EB1DD6251000CEB507 /* Build configuration list for PBXNativeTarget "LHLabel" */ = {
			isa = XCConfigurationList;
			buildConfigurations = (
				1567B1EC1DD6251000CEB507 /* Debug */,
				1567B1ED1DD6251000CEB507 /* Release */,
			);
			defaultConfigurationIsVisible = 0;
			defaultConfigurationName = Release;
		};
		1567B1EE1DD6251000CEB507 /* Build configuration list for PBXNativeTarget "LHLabelTests" */ = {
			isa = XCConfigurationList;
			buildConfigurations = (
				1567B1EF1DD6251000CEB507 /* Debug */,
				1567B1F01DD6251000CEB507 /* Release */,
			);
			defaultConfigurationIsVisible = 0;
			defaultConfigurationName = Release;
		};
		1567B1F11DD6251000CEB507 /* Build configuration list for PBXNativeTarget "LHLabelUITests" */ = {
			isa = XCConfigurationList;
			buildConfigurations = (
				1567B1F21DD6251000CEB507 /* Debug */,
				1567B1F31DD6251000CEB507 /* Release */,
			);
			defaultConfigurationIsVisible = 0;
			defaultConfigurationName = Release;
		};
/* End XCConfigurationList section */
	};
	rootObject = 1567B1BB1DD6251000CEB507 /* Project object */;
}
